
Microsoft Visual Studio Solution File, Format Version 12.00
# Visual Studio Version 17
VisualStudioVersion = 17.10.35013.160
MinimumVisualStudioVersion = 10.0.40219.1
Project("{FAE04EC0-301F-11D3-BF4B-00C04F79EFBC}") = "NSubstitute.DbConnection.Issue9", "NSubstitute.DbConnection.Issue9\NSubstitute.DbConnection.Issue9.csproj", "{8773A311-588F-4B45-A12C-6CB410D76FF1}"
EndProject
Global
	GlobalSection(SolutionConfigurationPlatforms) = preSolution
		Debug|Any CPU = Debug|Any CPU
		Release|Any CPU = Release|Any CPU
	EndGlobalSection
	GlobalSection(ProjectConfigurationPlatforms) = postSolution
		{8773A311-588F-4B45-A12C-6CB410D76FF1}.Debug|Any CPU.ActiveCfg = Debug|Any CPU
		{8773A311-588F-4B45-A12C-6CB410D76FF1}.Debug|Any CPU.Build.0 = Debug|Any CPU
		{8773A311-588F-4B45-A12C-6CB410D76FF1}.Release|Any CPU.ActiveCfg = Release|Any CPU
		{8773A311-588F-4B45-A12C-6CB410D76FF1}.Release|Any CPU.Build.0 = Release|Any CPU
	EndGlobalSection
	GlobalSection(SolutionProperties) = preSolution
		HideSolutionNode = FALSE
	EndGlobalSection
	GlobalSection(ExtensibilityGlobals) = postSolution
		SolutionGuid = {CF2ADBAF-C804-4A13-8318-49F415D0E972}
	EndGlobalSection
EndGlobal
